
Microsoft Visual Studio Solution File, Format Version 12.00
# Visual Studio 2012
Project("{FAE04EC0-301F-11D3-BF4B-00C04F79EFBC}") = "CodeFirst", "CodeFirst\CodeFirst.csproj", "{7763470D-8CCE-46E2-9B85-47A8C4620231}"
EndProject
Global
	GlobalSection(SolutionConfigurationPlatforms) = preSolution
		Debug|Any CPU = Debug|Any CPU
		Release|Any CPU = Release|Any CPU
	EndGlobalSection
	GlobalSection(ProjectConfigurationPlatforms) = postSolution
		{7763470D-8CCE-46E2-9B85-47A8C4620231}.Debug|Any CPU.ActiveCfg = Debug|Any CPU
		{7763470D-8CCE-46E2-9B85-47A8C4620231}.Debug|Any CPU.Build.0 = Debug|Any CPU
		{7763470D-8CCE-46E2-9B85-47A8C4620231}.Release|Any CPU.ActiveCfg = Release|Any CPU
		{7763470D-8CCE-46E2-9B85-47A8C4620231}.Release|Any CPU.Build.0 = Release|Any CPU
	EndGlobalSection
	GlobalSection(SolutionProperties) = preSolution
		HideSolutionNode = FALSE
	EndGlobalSection
EndGlobal
